
Microsoft Visual Studio Solution File, Format Version 12.00
# Visual Studio Version 17
VisualStudioVersion = 17.3.32811.315
MinimumVisualStudioVersion = 10.0.40219.1
Project("{FAE04EC0-301F-11D3-BF4B-00C04F79EFBC}") = "AgendaApi", "AgendaApi\AgendaApi.csproj", "{52E5C9E9-D90C-4F65-96F8-243D3ACDF25F}"
EndProject
Global
	GlobalSection(SolutionConfigurationPlatforms) = preSolution
		Debug|Any CPU = Debug|Any CPU
		Release|Any CPU = Release|Any CPU
	EndGlobalSection
	GlobalSection(ProjectConfigurationPlatforms) = postSolution
		{52E5C9E9-D90C-4F65-96F8-243D3ACDF25F}.Debug|Any CPU.ActiveCfg = Debug|Any CPU
		{52E5C9E9-D90C-4F65-96F8-243D3ACDF25F}.Debug|Any CPU.Build.0 = Debug|Any CPU
		{52E5C9E9-D90C-4F65-96F8-243D3ACDF25F}.Release|Any CPU.ActiveCfg = Release|Any CPU
		{52E5C9E9-D90C-4F65-96F8-243D3ACDF25F}.Release|Any CPU.Build.0 = Release|Any CPU
	EndGlobalSection
	GlobalSection(SolutionProperties) = preSolution
		HideSolutionNode = FALSE
	EndGlobalSection
	GlobalSection(ExtensibilityGlobals) = postSolution
		SolutionGuid = {AECD3A99-F53F-4904-B5F2-258E1C5F5A35}
	EndGlobalSection
EndGlobal
